{
  "name": "vibewave-music-player",
  "version": "1.0.0",
  "lockfileVersion": 2,
  "requires": true,
  "packages": {
    "": {
      "name": "vibewave-music-player",
      "version": "1.0.0",
      "hasInstallScript": true,
      "license": "MIT",
      "dependencies": {
        "bcryptjs": "^2.4.3",
        "boxen": "^6.2.1",
        "chalk": "^4.1.2",
        "chart.js": "^4.4.0",
        "chartjs-node-canvas": "^4.1.6",
        "compression": "^1.7.4",
        "cors": "^2.8.5",
        "dayjs": "^1.11.10",
        "dotenv": "^16.3.1",
        "express": "^4.18.2",
        "figlet": "^1.6.0",
        "helmet": "^7.0.0",
        "jsonwebtoken": "^9.0.2",
        "lodash": "^4.17.21",
        "morgan": "^1.10.0",
        "ora": "^6.3.1",
        "rate-limiter-flexible": "^3.1.1",
        "socket.io": "^4.7.2",
        "uuid": "^9.0.0",
        "winston": "^3.11.0"
      }
    }
  }
}
